PODS:
  - CocoaAsyncSocket (7.6.0)
  - Criollo (0.4.16):
    - CocoaAsyncSocket (~> 7.5)

DEPENDENCIES:
  - Criollo

SPEC CHECKSUMS:
  CocoaAsyncSocket: b9d5589f07baf9de8f34cc25abd4fcba28f13805
  Criollo: 7d28ac97c877ad9837d879c6b4353f65fbc6c289

PODFILE CHECKSUM: a91c3efc3aed4d3af2cb3b501fa5fdf8aa918242

COCOAPODS: 1.2.1
